
Microsoft Visual Studio Solution File, Format Version 12.00
# Visual Studio Version 17
VisualStudioVersion = 17.8.34330.188
MinimumVisualStudioVersion = 10.0.40219.1
Project("{FAE04EC0-301F-11D3-BF4B-00C04F79EFBC}") = "SpecFlowAssessment", "SpecFlowAssessment\SpecFlowAssessment.csproj", "{0CCAB276-8B33-4A40-B07D-81DC33AC0073}"
EndProject
Global
	GlobalSection(SolutionConfigurationPlatforms) = preSolution
		Debug|Any CPU = Debug|Any CPU
		Release|Any CPU = Release|Any CPU
	EndGlobalSection
	GlobalSection(ProjectConfigurationPlatforms) = postSolution
		{0CCAB276-8B33-4A40-B07D-81DC33AC0073}.Debug|Any CPU.ActiveCfg = Debug|Any CPU
		{0CCAB276-8B33-4A40-B07D-81DC33AC0073}.Debug|Any CPU.Build.0 = Debug|Any CPU
		{0CCAB276-8B33-4A40-B07D-81DC33AC0073}.Release|Any CPU.ActiveCfg = Release|Any CPU
		{0CCAB276-8B33-4A40-B07D-81DC33AC0073}.Release|Any CPU.Build.0 = Release|Any CPU
	EndGlobalSection
	GlobalSection(SolutionProperties) = preSolution
		HideSolutionNode = FALSE
	EndGlobalSection
	GlobalSection(ExtensibilityGlobals) = postSolution
		SolutionGuid = {146FA6E8-F51F-4844-8331-6F4875FA8142}
	EndGlobalSection
EndGlobal
